
Microsoft Visual Studio Solution File, Format Version 12.00
# Visual Studio Version 17
VisualStudioVersion = 17.0.31903.59
MinimumVisualStudioVersion = 10.0.40219.1
Project("{FAE04EC0-301F-11D3-BF4B-00C04F79EFBC}") = "QuickBite.Auth", "QuickBite.Auth\QuickBite.Auth.csproj", "{1FC4B43C-1772-44C0-93F1-F7318BA65B17}"
EndProject
Project("{FAE04EC0-301F-11D3-BF4B-00C04F79EFBC}") = "QuickBite.Cart", "QuickBite.Cart\QuickBite.Cart.csproj", "{6528D740-B0C9-462C-BC54-C8A19DAA5D01}"
EndProject
Project("{FAE04EC0-301F-11D3-BF4B-00C04F79EFBC}") = "QuickBite.Menu", "QuickBite.Menu\QuickBite.Menu.csproj", "{55ABF5DA-F435-471C-9111-9238F4947F9C}"
EndProject
Project("{FAE04EC0-301F-11D3-BF4B-00C04F79EFBC}") = "QuickBite.Order", "QuickBite.Order\QuickBite.Order.csproj", "{9F0FB0D8-A1B5-486C-A289-227EFA425F80}"
EndProject
Project("{FAE04EC0-301F-11D3-BF4B-00C04F79EFBC}") = "QuickBite.Restaurant", "QuickBite.Restaurant\QuickBite.Restaurant.csproj", "{2FE95D5F-E25D-49E1-9BC2-AC43284ED7B6}"
EndProject
Project("{FAE04EC0-301F-11D3-BF4B-00C04F79EFBC}") = "QuickBite.Payment", "QuickBite.Payment\QuickBite.Payment.csproj", "{8430D09B-79A2-4D7E-B9E5-D83ACF27FCC4}"
EndProject
Project("{FAE04EC0-301F-11D3-BF4B-00C04F79EFBC}") = "QuickBite.Delivery", "QuickBite.Delivery\QuickBite.Delivery.csproj", "{565CA559-E418-48F1-AECB-956E71646257}"
EndProject
Project("{FAE04EC0-301F-11D3-BF4B-00C04F79EFBC}") = "QuickBite.Notification", "QuickBite.Notification\QuickBite.Notification.csproj", "{71FE5825-35A4-4652-9BB8-9C5BE0406CF1}"
EndProject
Project("{FAE04EC0-301F-11D3-BF4B-00C04F79EFBC}") = "QuickBite.Tests", "QuickBite.Tests\QuickBite.Tests.csproj", "{AAEA410F-CD21-4187-A1EC-68AD3423049F}"
EndProject
Project("{FAE04EC0-301F-11D3-BF4B-00C04F79EFBC}") = "QuickBite.Auth.Tests", "QuickBite.Auth.Tests\QuickBite.Auth.Tests.csproj", "{901BCBE0-196E-4586-B369-7A8FC2D8DC24}"
EndProject
Global
	GlobalSection(SolutionConfigurationPlatforms) = preSolution
		Debug|Any CPU = Debug|Any CPU
		Debug|x64 = Debug|x64
		Debug|x86 = Debug|x86
		Release|Any CPU = Release|Any CPU
		Release|x64 = Release|x64
		Release|x86 = Release|x86
	EndGlobalSection
	GlobalSection(ProjectConfigurationPlatforms) = postSolution
		{1FC4B43C-1772-44C0-93F1-F7318BA65B17}.Debug|Any CPU.ActiveCfg = Debug|Any CPU
		{1FC4B43C-1772-44C0-93F1-F7318BA65B17}.Debug|Any CPU.Build.0 = Debug|Any CPU
		{1FC4B43C-1772-44C0-93F1-F7318BA65B17}.Debug|x64.ActiveCfg = Debug|Any CPU
		{1FC4B43C-1772-44C0-93F1-F7318BA65B17}.Debug|x64.Build.0 = Debug|Any CPU
		{1FC4B43C-1772-44C0-93F1-F7318BA65B17}.Debug|x86.ActiveCfg = Debug|Any CPU
		{1FC4B43C-1772-44C0-93F1-F7318BA65B17}.Debug|x86.Build.0 = Debug|Any CPU
		{1FC4B43C-1772-44C0-93F1-F7318BA65B17}.Release|Any CPU.ActiveCfg = Release|Any CPU
		{1FC4B43C-1772-44C0-93F1-F7318BA65B17}.Release|Any CPU.Build.0 = Release|Any CPU
		{1FC4B43C-1772-44C0-93F1-F7318BA65B17}.Release|x64.ActiveCfg = Release|Any CPU
		{1FC4B43C-1772-44C0-93F1-F7318BA65B17}.Release|x64.Build.0 = Release|Any CPU
		{1FC4B43C-1772-44C0-93F1-F7318BA65B17}.Release|x86.ActiveCfg = Release|Any CPU
		{1FC4B43C-1772-44C0-93F1-F7318BA65B17}.Release|x86.Build.0 = Release|Any CPU
		{6528D740-B0C9-462C-BC54-C8A19DAA5D01}.Debug|Any CPU.ActiveCfg = Debug|Any CPU
		{6528D740-B0C9-462C-BC54-C8A19DAA5D01}.Debug|Any CPU.Build.0 = Debug|Any CPU
		{6528D740-B0C9-462C-BC54-C8A19DAA5D01}.Debug|x64.ActiveCfg = Debug|Any CPU
		{6528D740-B0C9-462C-BC54-C8A19DAA5D01}.Debug|x64.Build.0 = Debug|Any CPU
		{6528D740-B0C9-462C-BC54-C8A19DAA5D01}.Debug|x86.ActiveCfg = Debug|Any CPU
		{6528D740-B0C9-462C-BC54-C8A19DAA5D01}.Debug|x86.Build.0 = Debug|Any CPU
		{6528D740-B0C9-462C-BC54-C8A19DAA5D01}.Release|Any CPU.ActiveCfg = Release|Any CPU
		{6528D740-B0C9-462C-BC54-C8A19DAA5D01}.Release|Any CPU.Build.0 = Release|Any CPU
		{6528D740-B0C9-462C-BC54-C8A19DAA5D01}.Release|x64.ActiveCfg = Release|Any CPU
		{6528D740-B0C9-462C-BC54-C8A19DAA5D01}.Release|x64.Build.0 = Release|Any CPU
		{6528D740-B0C9-462C-BC54-C8A19DAA5D01}.Release|x86.ActiveCfg = Release|Any CPU
		{6528D740-B0C9-462C-BC54-C8A19DAA5D01}.Release|x86.Build.0 = Release|Any CPU
		{55ABF5DA-F435-471C-9111-9238F4947F9C}.Debug|Any CPU.ActiveCfg = Debug|Any CPU
		{55ABF5DA-F435-471C-9111-9238F4947F9C}.Debug|Any CPU.Build.0 = Debug|Any CPU
		{55ABF5DA-F435-471C-9111-9238F4947F9C}.Debug|x64.ActiveCfg = Debug|Any CPU
		{55ABF5DA-F435-471C-9111-9238F4947F9C}.Debug|x64.Build.0 = Debug|Any CPU
		{55ABF5DA-F435-471C-9111-9238F4947F9C}.Debug|x86.ActiveCfg = Debug|Any CPU
		{55ABF5DA-F435-471C-9111-9238F4947F9C}.Debug|x86.Build.0 = Debug|Any CPU
		{55ABF5DA-F435-471C-9111-9238F4947F9C}.Release|Any CPU.ActiveCfg = Release|Any CPU
		{55ABF5DA-F435-471C-9111-9238F4947F9C}.Release|Any CPU.Build.0 = Release|Any CPU
		{55ABF5DA-F435-471C-9111-9238F4947F9C}.Release|x64.ActiveCfg = Release|Any CPU
		{55ABF5DA-F435-471C-9111-9238F4947F9C}.Release|x64.Build.0 = Release|Any CPU
		{55ABF5DA-F435-471C-9111-9238F4947F9C}.Release|x86.ActiveCfg = Release|Any CPU
		{55ABF5DA-F435-471C-9111-9238F4947F9C}.Release|x86.Build.0 = Release|Any CPU
		{9F0FB0D8-A1B5-486C-A289-227EFA425F80}.Debug|Any CPU.ActiveCfg = Debug|Any CPU
		{9F0FB0D8-A1B5-486C-A289-227EFA425F80}.Debug|Any CPU.Build.0 = Debug|Any CPU
		{9F0FB0D8-A1B5-486C-A289-227EFA425F80}.Debug|x64.ActiveCfg = Debug|Any CPU
		{9F0FB0D8-A1B5-486C-A289-227EFA425F80}.Debug|x64.Build.0 = Debug|Any CPU
		{9F0FB0D8-A1B5-486C-A289-227EFA425F80}.Debug|x86.ActiveCfg = Debug|Any CPU
		{9F0FB0D8-A1B5-486C-A289-227EFA425F80}.Debug|x86.Build.0 = Debug|Any CPU
		{9F0FB0D8-A1B5-486C-A289-227EFA425F80}.Release|Any CPU.ActiveCfg = Release|Any CPU
		{9F0FB0D8-A1B5-486C-A289-227EFA425F80}.Release|Any CPU.Build.0 = Release|Any CPU
		{9F0FB0D8-A1B5-486C-A289-227EFA425F80}.Release|x64.ActiveCfg = Release|Any CPU
		{9F0FB0D8-A1B5-486C-A289-227EFA425F80}.Release|x64.Build.0 = Release|Any CPU
		{9F0FB0D8-A1B5-486C-A289-227EFA425F80}.Release|x86.ActiveCfg = Release|Any CPU
		{9F0FB0D8-A1B5-486C-A289-227EFA425F80}.Release|x86.Build.0 = Release|Any CPU
		{2FE95D5F-E25D-49E1-9BC2-AC43284ED7B6}.Debug|Any CPU.ActiveCfg = Debug|Any CPU
		{2FE95D5F-E25D-49E1-9BC2-AC43284ED7B6}.Debug|Any CPU.Build.0 = Debug|Any CPU
		{2FE95D5F-E25D-49E1-9BC2-AC43284ED7B6}.Debug|x64.ActiveCfg = Debug|Any CPU
		{2FE95D5F-E25D-49E1-9BC2-AC43284ED7B6}.Debug|x64.Build.0 = Debug|Any CPU
		{2FE95D5F-E25D-49E1-9BC2-AC43284ED7B6}.Debug|x86.ActiveCfg = Debug|Any CPU
		{2FE95D5F-E25D-49E1-9BC2-AC43284ED7B6}.Debug|x86.Build.0 = Debug|Any CPU
		{2FE95D5F-E25D-49E1-9BC2-AC43284ED7B6}.Release|Any CPU.ActiveCfg = Release|Any CPU
		{2FE95D5F-E25D-49E1-9BC2-AC43284ED7B6}.Release|Any CPU.Build.0 = Release|Any CPU
		{2FE95D5F-E25D-49E1-9BC2-AC43284ED7B6}.Release|x64.ActiveCfg = Release|Any CPU
		{2FE95D5F-E25D-49E1-9BC2-AC43284ED7B6}.Release|x64.Build.0 = Release|Any CPU
		{2FE95D5F-E25D-49E1-9BC2-AC43284ED7B6}.Release|x86.ActiveCfg = Release|Any CPU
		{2FE95D5F-E25D-49E1-9BC2-AC43284ED7B6}.Release|x86.Build.0 = Release|Any CPU
		{8430D09B-79A2-4D7E-B9E5-D83ACF27FCC4}.Debug|Any CPU.ActiveCfg = Debug|Any CPU
		{8430D09B-79A2-4D7E-B9E5-D83ACF27FCC4}.Debug|Any CPU.Build.0 = Debug|Any CPU
		{8430D09B-79A2-4D7E-B9E5-D83ACF27FCC4}.Debug|x64.ActiveCfg = Debug|Any CPU
		{8430D09B-79A2-4D7E-B9E5-D83ACF27FCC4}.Debug|x64.Build.0 = Debug|Any CPU
		{8430D09B-79A2-4D7E-B9E5-D83ACF27FCC4}.Debug|x86.ActiveCfg = Debug|Any CPU
		{8430D09B-79A2-4D7E-B9E5-D83ACF27FCC4}.Debug|x86.Build.0 = Debug|Any CPU
		{8430D09B-79A2-4D7E-B9E5-D83ACF27FCC4}.Release|Any CPU.ActiveCfg = Release|Any CPU
		{8430D09B-79A2-4D7E-B9E5-D83ACF27FCC4}.Release|Any CPU.Build.0 = Release|Any CPU
		{8430D09B-79A2-4D7E-B9E5-D83ACF27FCC4}.Release|x64.ActiveCfg = Release|Any CPU
		{8430D09B-79A2-4D7E-B9E5-D83ACF27FCC4}.Release|x64.Build.0 = Release|Any CPU
		{8430D09B-79A2-4D7E-B9E5-D83ACF27FCC4}.Release|x86.ActiveCfg = Release|Any CPU
		{8430D09B-79A2-4D7E-B9E5-D83ACF27FCC4}.Release|x86.Build.0 = Release|Any CPU
		{565CA559-E418-48F1-AECB-956E71646257}.Debug|Any CPU.ActiveCfg = Debug|Any CPU
		{565CA559-E418-48F1-AECB-956E71646257}.Debug|Any CPU.Build.0 = Debug|Any CPU
		{565CA559-E418-48F1-AECB-956E71646257}.Debug|x64.ActiveCfg = Debug|Any CPU
		{565CA559-E418-48F1-AECB-956E71646257}.Debug|x64.Build.0 = Debug|Any CPU
		{565CA559-E418-48F1-AECB-956E71646257}.Debug|x86.ActiveCfg = Debug|Any CPU
		{565CA559-E418-48F1-AECB-956E71646257}.Debug|x86.Build.0 = Debug|Any CPU
		{565CA559-E418-48F1-AECB-956E71646257}.Release|Any CPU.ActiveCfg = Release|Any CPU
		{565CA559-E418-48F1-AECB-956E71646257}.Release|Any CPU.Build.0 = Release|Any CPU
		{565CA559-E418-48F1-AECB-956E71646257}.Release|x64.ActiveCfg = Release|Any CPU
		{565CA559-E418-48F1-AECB-956E71646257}.Release|x64.Build.0 = Release|Any CPU
		{565CA559-E418-48F1-AECB-956E71646257}.Release|x86.ActiveCfg = Release|Any CPU
		{565CA559-E418-48F1-AECB-956E71646257}.Release|x86.Build.0 = Release|Any CPU
		{71FE5825-35A4-4652-9BB8-9C5BE0406CF1}.Debug|Any CPU.ActiveCfg = Debug|Any CPU
		{71FE5825-35A4-4652-9BB8-9C5BE0406CF1}.Debug|Any CPU.Build.0 = Debug|Any CPU
		{71FE5825-35A4-4652-9BB8-9C5BE0406CF1}.Debug|x64.ActiveCfg = Debug|Any CPU
		{71FE5825-35A4-4652-9BB8-9C5BE0406CF1}.Debug|x64.Build.0 = Debug|Any CPU
		{71FE5825-35A4-4652-9BB8-9C5BE0406CF1}.Debug|x86.ActiveCfg = Debug|Any CPU
		{71FE5825-35A4-4652-9BB8-9C5BE0406CF1}.Debug|x86.Build.0 = Debug|Any CPU
		{71FE5825-35A4-4652-9BB8-9C5BE0406CF1}.Release|Any CPU.ActiveCfg = Release|Any CPU
		{71FE5825-35A4-4652-9BB8-9C5BE0406CF1}.Release|Any CPU.Build.0 = Release|Any CPU
		{71FE5825-35A4-4652-9BB8-9C5BE0406CF1}.Release|x64.ActiveCfg = Release|Any CPU
		{71FE5825-35A4-4652-9BB8-9C5BE0406CF1}.Release|x64.Build.0 = Release|Any CPU
		{71FE5825-35A4-4652-9BB8-9C5BE0406CF1}.Release|x86.ActiveCfg = Release|Any CPU
		{71FE5825-35A4-4652-9BB8-9C5BE0406CF1}.Release|x86.Build.0 = Release|Any CPU
		{AAEA410F-CD21-4187-A1EC-68AD3423049F}.Debug|Any CPU.ActiveCfg = Debug|Any CPU
		{AAEA410F-CD21-4187-A1EC-68AD3423049F}.Debug|Any CPU.Build.0 = Debug|Any CPU
		{AAEA410F-CD21-4187-A1EC-68AD3423049F}.Debug|x64.ActiveCfg = Debug|Any CPU
		{AAEA410F-CD21-4187-A1EC-68AD3423049F}.Debug|x64.Build.0 = Debug|Any CPU
		{AAEA410F-CD21-4187-A1EC-68AD3423049F}.Debug|x86.ActiveCfg = Debug|Any CPU
		{AAEA410F-CD21-4187-A1EC-68AD3423049F}.Debug|x86.Build.0 = Debug|Any CPU
		{AAEA410F-CD21-4187-A1EC-68AD3423049F}.Release|Any CPU.ActiveCfg = Release|Any CPU
		{AAEA410F-CD21-4187-A1EC-68AD3423049F}.Release|Any CPU.Build.0 = Release|Any CPU
		{AAEA410F-CD21-4187-A1EC-68AD3423049F}.Release|x64.ActiveCfg = Release|Any CPU
		{AAEA410F-CD21-4187-A1EC-68AD3423049F}.Release|x64.Build.0 = Release|Any CPU
		{AAEA410F-CD21-4187-A1EC-68AD3423049F}.Release|x86.ActiveCfg = Release|Any CPU
		{AAEA410F-CD21-4187-A1EC-68AD3423049F}.Release|x86.Build.0 = Release|Any CPU
		{901BCBE0-196E-4586-B369-7A8FC2D8DC24}.Debug|Any CPU.ActiveCfg = Debug|Any CPU
		{901BCBE0-196E-4586-B369-7A8FC2D8DC24}.Debug|Any CPU.Build.0 = Debug|Any CPU
		{901BCBE0-196E-4586-B369-7A8FC2D8DC24}.Debug|x64.ActiveCfg = Debug|Any CPU
		{901BCBE0-196E-4586-B369-7A8FC2D8DC24}.Debug|x64.Build.0 = Debug|Any CPU
		{901BCBE0-196E-4586-B369-7A8FC2D8DC24}.Debug|x86.ActiveCfg = Debug|Any CPU
		{901BCBE0-196E-4586-B369-7A8FC2D8DC24}.Debug|x86.Build.0 = Debug|Any CPU
		{901BCBE0-196E-4586-B369-7A8FC2D8DC24}.Release|Any CPU.ActiveCfg = Release|Any CPU
		{901BCBE0-196E-4586-B369-7A8FC2D8DC24}.Release|Any CPU.Build.0 = Release|Any CPU
		{901BCBE0-196E-4586-B369-7A8FC2D8DC24}.Release|x64.ActiveCfg = Release|Any CPU
		{901BCBE0-196E-4586-B369-7A8FC2D8DC24}.Release|x64.Build.0 = Release|Any CPU
		{901BCBE0-196E-4586-B369-7A8FC2D8DC24}.Release|x86.ActiveCfg = Release|Any CPU
		{901BCBE0-196E-4586-B369-7A8FC2D8DC24}.Release|x86.Build.0 = Release|Any CPU
	EndGlobalSection
	GlobalSection(SolutionProperties) = preSolution
		HideSolutionNode = FALSE
	EndGlobalSection
EndGlobal
